
Microsoft Visual Studio Solution File, Format Version 12.00
# Visual Studio Version 17
VisualStudioVersion = 17.6.33815.320
MinimumVisualStudioVersion = 10.0.40219.1
Project("{9A19103F-16F7-4668-BE54-9A1E7A4F7556}") = "DevExpressReporting", "DevExpressReporting\DevExpressReporting.csproj", "{0EF19669-1FE6-4AAC-9C12-550F1E547FD6}"
EndProject
Project("{2150E333-8FDC-42A3-9474-1A3956D46DE8}") = "DevExtreme NuGet.config", "DevExtreme NuGet.config", "{A4F7D5A4-926D-4218-8302-B8CBC1884A84}"
	ProjectSection(SolutionItems) = preProject
		NuGet.config = NuGet.config
	EndProjectSection
EndProject
Global
	GlobalSection(SolutionConfigurationPlatforms) = preSolution
		Debug|Any CPU = Debug|Any CPU
		Release|Any CPU = Release|Any CPU
	EndGlobalSection
	GlobalSection(ProjectConfigurationPlatforms) = postSolution
		{0EF19669-1FE6-4AAC-9C12-550F1E547FD6}.Debug|Any CPU.ActiveCfg = Debug|Any CPU
		{0EF19669-1FE6-4AAC-9C12-550F1E547FD6}.Debug|Any CPU.Build.0 = Debug|Any CPU
		{0EF19669-1FE6-4AAC-9C12-550F1E547FD6}.Release|Any CPU.ActiveCfg = Release|Any CPU
		{0EF19669-1FE6-4AAC-9C12-550F1E547FD6}.Release|Any CPU.Build.0 = Release|Any CPU
	EndGlobalSection
	GlobalSection(SolutionProperties) = preSolution
		HideSolutionNode = FALSE
	EndGlobalSection
	GlobalSection(ExtensibilityGlobals) = postSolution
		SolutionGuid = {B168B660-5628-4693-AD3B-99EF0D86AB0A}
	EndGlobalSection
EndGlobal
